
Microsoft Visual Studio Solution File, Format Version 12.00
# Visual Studio Version 17
VisualStudioVersion = 17.11.35327.3
MinimumVisualStudioVersion = 10.0.40219.1
Project("{9A19103F-16F7-4668-BE54-9A1E7A4F7556}") = "Domain", "Domain\Domain.csproj", "{B8BD7F62-CC15-4D44-A5DF-8E9EE33FC284}"
EndProject
Project("{9A19103F-16F7-4668-BE54-9A1E7A4F7556}") = "Application", "Application\Application.csproj", "{242BBA76-5833-4B61-B88C-0EC62704A8C9}"
EndProject
Project("{9A19103F-16F7-4668-BE54-9A1E7A4F7556}") = "Infrastructure", "Infrastructure\Infrastructure.csproj", "{E53992CB-234B-4852-9CF8-850287F8B258}"
EndProject
Project("{9A19103F-16F7-4668-BE54-9A1E7A4F7556}") = "Presentation", "Presentation\Presentation.csproj", "{1BD459F5-C6EA-4BB0-9443-364B7E3421D5}"
EndProject
Project("{9A19103F-16F7-4668-BE54-9A1E7A4F7556}") = "Protocol", "Protocol\Protocol.csproj", "{2CCC789C-AA77-4D6A-9768-03086776AC0A}"
EndProject
Project("{FAE04EC0-301F-11D3-BF4B-00C04F79EFBC}") = "CombatServer", "CombatServer\CombatServer.csproj", "{624C9CDB-65E7-4860-B53F-2AC639693864}"
EndProject
Global
	GlobalSection(SolutionConfigurationPlatforms) = preSolution
		Debug|Any CPU = Debug|Any CPU
		Release|Any CPU = Release|Any CPU
	EndGlobalSection
	GlobalSection(ProjectConfigurationPlatforms) = postSolution
		{B8BD7F62-CC15-4D44-A5DF-8E9EE33FC284}.Debug|Any CPU.ActiveCfg = Debug|Any CPU
		{B8BD7F62-CC15-4D44-A5DF-8E9EE33FC284}.Debug|Any CPU.Build.0 = Debug|Any CPU
		{B8BD7F62-CC15-4D44-A5DF-8E9EE33FC284}.Release|Any CPU.ActiveCfg = Release|Any CPU
		{B8BD7F62-CC15-4D44-A5DF-8E9EE33FC284}.Release|Any CPU.Build.0 = Release|Any CPU
		{242BBA76-5833-4B61-B88C-0EC62704A8C9}.Debug|Any CPU.ActiveCfg = Debug|Any CPU
		{242BBA76-5833-4B61-B88C-0EC62704A8C9}.Debug|Any CPU.Build.0 = Debug|Any CPU
		{242BBA76-5833-4B61-B88C-0EC62704A8C9}.Release|Any CPU.ActiveCfg = Release|Any CPU
		{242BBA76-5833-4B61-B88C-0EC62704A8C9}.Release|Any CPU.Build.0 = Release|Any CPU
		{E53992CB-234B-4852-9CF8-850287F8B258}.Debug|Any CPU.ActiveCfg = Debug|Any CPU
		{E53992CB-234B-4852-9CF8-850287F8B258}.Debug|Any CPU.Build.0 = Debug|Any CPU
		{E53992CB-234B-4852-9CF8-850287F8B258}.Release|Any CPU.ActiveCfg = Release|Any CPU
		{E53992CB-234B-4852-9CF8-850287F8B258}.Release|Any CPU.Build.0 = Release|Any CPU
		{1BD459F5-C6EA-4BB0-9443-364B7E3421D5}.Debug|Any CPU.ActiveCfg = Debug|Any CPU
		{1BD459F5-C6EA-4BB0-9443-364B7E3421D5}.Debug|Any CPU.Build.0 = Debug|Any CPU
		{1BD459F5-C6EA-4BB0-9443-364B7E3421D5}.Release|Any CPU.ActiveCfg = Release|Any CPU
		{1BD459F5-C6EA-4BB0-9443-364B7E3421D5}.Release|Any CPU.Build.0 = Release|Any CPU
		{2CCC789C-AA77-4D6A-9768-03086776AC0A}.Debug|Any CPU.ActiveCfg = Debug|Any CPU
		{2CCC789C-AA77-4D6A-9768-03086776AC0A}.Debug|Any CPU.Build.0 = Debug|Any CPU
		{2CCC789C-AA77-4D6A-9768-03086776AC0A}.Release|Any CPU.ActiveCfg = Release|Any CPU
		{2CCC789C-AA77-4D6A-9768-03086776AC0A}.Release|Any CPU.Build.0 = Release|Any CPU
		{624C9CDB-65E7-4860-B53F-2AC639693864}.Debug|Any CPU.ActiveCfg = Debug|Any CPU
		{624C9CDB-65E7-4860-B53F-2AC639693864}.Debug|Any CPU.Build.0 = Debug|Any CPU
		{624C9CDB-65E7-4860-B53F-2AC639693864}.Release|Any CPU.ActiveCfg = Release|Any CPU
		{624C9CDB-65E7-4860-B53F-2AC639693864}.Release|Any CPU.Build.0 = Release|Any CPU
	EndGlobalSection
	GlobalSection(SolutionProperties) = preSolution
		HideSolutionNode = FALSE
	EndGlobalSection
	GlobalSection(ExtensibilityGlobals) = postSolution
		SolutionGuid = {1B53E2F0-07CA-4D3A-86E1-E043AE690608}
	EndGlobalSection
EndGlobal
